{
  "version": 1,
  "dependencies": {
    "net8.0-windows7.0": {
      "DalamudPackager": {
        "type": "Direct",
        "requested": "[11.0.0, )",
        "resolved": "11.0.0",
        "contentHash": "bjT7XUlhIJSmsE/O76b7weUX+evvGQctbQB8aKXt94o+oPWxHpCepxAGMs7Thow3AzCyqWs7cOpp9/2wcgRRQA=="
      },
      "Google.Apis.Sheets.v4": {
        "type": "Direct",
        "requested": "[1.68.0.3484, )",
        "resolved": "1.68.0.3484",
        "contentHash": "5u6duFQQc9OC4SvWOIJo4BGz3Lvvq3euZUmryfFenbzL2JaiA+dTFfBOh9Qn+i2jsbeqDeNkvDYja6m4cnWrjw==",
        "dependencies": {
          "Google.Apis": "1.68.0",
          "Google.Apis.Auth": "1.68.0"
        }
      },
      "Google.Apis": {
        "type": "Transitive",
        "resolved": "1.68.0",
        "contentHash": "s2MymhdpH+ybZNBeZ2J5uFgFHApBp+QXf9FjZSdM1lk/vx5VqIknJwnaWiuAzXxPrLEkesX0Q+UsiWn39yZ9zw==",
        "dependencies": {
          "Google.Apis.Core": "1.68.0"
        }
      },
      "Google.Apis.Auth": {
        "type": "Transitive",
        "resolved": "1.68.0",
        "contentHash": "hFx8Qz5bZ4w0hpnn4tSmZaaFpjAMsgVElZ+ZgVLUZ2r9i+AKcoVgwiNfv1pruNS5cCvpXqhKECbruBCfRezPHA==",
        "dependencies": {
          "Google.Apis": "1.68.0",
          "Google.Apis.Core": "1.68.0",
          "System.Management": "7.0.2"
        }
      },
      "Google.Apis.Core": {
        "type": "Transitive",
        "resolved": "1.68.0",
        "contentHash": "pAqwa6pfu53UXCR2b7A/PAPXeuVg6L1OFw38WckN27NU2+mf+KTjoEg2YGv/f0UyKxzz7DxF1urOTKg/6dTP9g==",
        "dependencies": {
          "Newtonsoft.Json": "13.0.3"
        }
      },
      "Newtonsoft.Json": {
        "type": "Transitive",
        "resolved": "13.0.3",
        "contentHash": "HrC5BXdl00IP9zeV+0Z848QWPAoCr9P3bDEZguI+gkLcBKAOxix/tLEAAHC+UvDNPv4a2d18lOReHMOagPa+zQ=="
      },
      "System.CodeDom": {
        "type": "Transitive",
        "resolved": "7.0.0",
        "contentHash": "GLltyqEsE5/3IE+zYRP5sNa1l44qKl9v+bfdMcwg+M9qnQf47wK3H0SUR/T+3N4JEQXF3vV4CSuuo0rsg+nq2A=="
      },
      "System.Management": {
        "type": "Transitive",
        "resolved": "7.0.2",
        "contentHash": "/qEUN91mP/MUQmJnM5y5BdT7ZoPuVrtxnFlbJ8a3kBJGhe2wCzBfnPFtK2wTtEEcf3DMGR9J00GZZfg6HRI6yA==",
        "dependencies": {
          "System.CodeDom": "7.0.0"
        }
      }
    }
  }
}